SITE
  remote: https://supermarket.getchef.com/api/v1
  specs:
    apt (2.9.2)
    build-essential (2.2.4)
    chef-sugar (3.3.0)
    chef_handler (1.2.0)
    database (4.0.9)
      postgresql (>= 1.0.0)
    htop (2.0.0)
      yum-repoforge (>= 0.0.0)
    java (1.39.0)
      apt (>= 0.0.0)
    locale (1.0.2)
    mysql (6.1.2)
      smf (>= 0.0.0)
      yum-mysql-community (>= 0.0.0)
    ntp (1.10.1)
      windows (>= 0.0.0)
    openssl (4.4.0)
      chef-sugar (>= 3.1.1)
    postgresql (4.0.0)
      apt (>= 1.9.0)
      build-essential (>= 0.0.0)
      openssl (~> 4.0)
    rbac (1.0.3)
    smf (2.2.7)
      rbac (>= 1.0.1)
    windows (1.39.1)
      chef_handler (>= 0.0.0)
    yum (3.10.0)
    yum-epel (0.6.5)
      yum (~> 3.2)
    yum-mysql-community (0.1.21)
      yum (>= 3.2)
    yum-repoforge (0.5.7)
      yum (~> 3.2)
      yum-epel (>= 0.0.0)

DEPENDENCIES
  build-essential (>= 0)
  database (>= 0)
  htop (>= 0)
  java (>= 0)
  locale (>= 0)
  mysql (>= 0)
  ntp (>= 0)

